
Microsoft Visual Studio Solution File, Format Version 12.00
# Visual Studio 14
VisualStudioVersion = 14.0.24720.0
MinimumVisualStudioVersion = 10.0.40219.1
Project("{FAE04EC0-301F-11D3-BF4B-00C04F79EFBC}") = "JQuery.Bootstrap.AspNet.Best.Samples", "JQuery.Bootstrap.AspNet.Best.Samples\JQuery.Bootstrap.AspNet.Best.Samples.csproj", "{F9334632-8F5F-4B91-8C44-BA66062A95E1}"
EndProject
Project("{FAE04EC0-301F-11D3-BF4B-00C04F79EFBC}") = "Bootstrap.Northwind", "..\Bootstrap.Northwind\Bootstrap.Northwind.csproj", "{4B42DD73-7C00-4A58-9DD5-E378FB87237F}"
EndProject
Project("{FAE04EC0-301F-11D3-BF4B-00C04F79EFBC}") = "Northwind.Data", "Northwind.Data\Northwind.Data.csproj", "{2D44558D-B99D-43BB-ADF4-9B7601F05AD7}"
EndProject
Project("{FAE04EC0-301F-11D3-BF4B-00C04F79EFBC}") = "Northwind.Infrastructure", "Northwind.Infrastructure\Northwind.Infrastructure.csproj", "{F76F6578-5C94-4214-B4F7-83D3D25176C1}"
EndProject
Project("{FAE04EC0-301F-11D3-BF4B-00C04F79EFBC}") = "Northwind.Web", "Northwind.Web\Northwind.Web.csproj", "{EA686416-AD28-4BE8-BFE3-1CD32CEEEB99}"
EndProject
Global
	GlobalSection(SolutionConfigurationPlatforms) = preSolution
		Debug|Any CPU = Debug|Any CPU
		Release|Any CPU = Release|Any CPU
	EndGlobalSection
	GlobalSection(ProjectConfigurationPlatforms) = postSolution
		{F9334632-8F5F-4B91-8C44-BA66062A95E1}.Debug|Any CPU.ActiveCfg = Debug|Any CPU
		{F9334632-8F5F-4B91-8C44-BA66062A95E1}.Debug|Any CPU.Build.0 = Debug|Any CPU
		{F9334632-8F5F-4B91-8C44-BA66062A95E1}.Release|Any CPU.ActiveCfg = Release|Any CPU
		{F9334632-8F5F-4B91-8C44-BA66062A95E1}.Release|Any CPU.Build.0 = Release|Any CPU
		{4B42DD73-7C00-4A58-9DD5-E378FB87237F}.Debug|Any CPU.ActiveCfg = Debug|Any CPU
		{4B42DD73-7C00-4A58-9DD5-E378FB87237F}.Debug|Any CPU.Build.0 = Debug|Any CPU
		{4B42DD73-7C00-4A58-9DD5-E378FB87237F}.Release|Any CPU.ActiveCfg = Release|Any CPU
		{4B42DD73-7C00-4A58-9DD5-E378FB87237F}.Release|Any CPU.Build.0 = Release|Any CPU
		{2D44558D-B99D-43BB-ADF4-9B7601F05AD7}.Debug|Any CPU.ActiveCfg = Debug|Any CPU
		{2D44558D-B99D-43BB-ADF4-9B7601F05AD7}.Debug|Any CPU.Build.0 = Debug|Any CPU
		{2D44558D-B99D-43BB-ADF4-9B7601F05AD7}.Release|Any CPU.ActiveCfg = Release|Any CPU
		{2D44558D-B99D-43BB-ADF4-9B7601F05AD7}.Release|Any CPU.Build.0 = Release|Any CPU
		{F76F6578-5C94-4214-B4F7-83D3D25176C1}.Debug|Any CPU.ActiveCfg = Debug|Any CPU
		{F76F6578-5C94-4214-B4F7-83D3D25176C1}.Debug|Any CPU.Build.0 = Debug|Any CPU
		{F76F6578-5C94-4214-B4F7-83D3D25176C1}.Release|Any CPU.ActiveCfg = Release|Any CPU
		{F76F6578-5C94-4214-B4F7-83D3D25176C1}.Release|Any CPU.Build.0 = Release|Any CPU
		{EA686416-AD28-4BE8-BFE3-1CD32CEEEB99}.Debug|Any CPU.ActiveCfg = Debug|Any CPU
		{EA686416-AD28-4BE8-BFE3-1CD32CEEEB99}.Debug|Any CPU.Build.0 = Debug|Any CPU
		{EA686416-AD28-4BE8-BFE3-1CD32CEEEB99}.Release|Any CPU.ActiveCfg = Release|Any CPU
		{EA686416-AD28-4BE8-BFE3-1CD32CEEEB99}.Release|Any CPU.Build.0 = Release|Any CPU
	EndGlobalSection
	GlobalSection(SolutionProperties) = preSolution
		HideSolutionNode = FALSE
	EndGlobalSection
EndGlobal
